
Microsoft Visual Studio Solution File, Format Version 12.00
# Visual Studio Version 16
VisualStudioVersion = 16.0.31702.278
MinimumVisualStudioVersion = 10.0.40219.1
Project("{FAE04EC0-301F-11D3-BF4B-00C04F79EFBC}") = "wpf_lab1", "wpf_lab1\wpf_lab1.csproj", "{7712D504-C1FF-4E60-B53F-91A87509BD26}"
EndProject
Global
	GlobalSection(SolutionConfigurationPlatforms) = preSolution
		Debug|Any CPU = Debug|Any CPU
		Release|Any CPU = Release|Any CPU
	EndGlobalSection
	GlobalSection(ProjectConfigurationPlatforms) = postSolution
		{7712D504-C1FF-4E60-B53F-91A87509BD26}.Debug|Any CPU.ActiveCfg = Debug|Any CPU
		{7712D504-C1FF-4E60-B53F-91A87509BD26}.Debug|Any CPU.Build.0 = Debug|Any CPU
		{7712D504-C1FF-4E60-B53F-91A87509BD26}.Release|Any CPU.ActiveCfg = Release|Any CPU
		{7712D504-C1FF-4E60-B53F-91A87509BD26}.Release|Any CPU.Build.0 = Release|Any CPU
	EndGlobalSection
	GlobalSection(SolutionProperties) = preSolution
		HideSolutionNode = FALSE
	EndGlobalSection
	GlobalSection(ExtensibilityGlobals) = postSolution
		SolutionGuid = {31AB1A51-EE55-44DE-94F5-5242461610A9}
	EndGlobalSection
EndGlobal
